
Microsoft Visual Studio Solution File, Format Version 12.00
# Visual Studio Version 16
VisualStudioVersion = 16.0.29519.87
MinimumVisualStudioVersion = 10.0.40219.1
Project("{FAE04EC0-301F-11D3-BF4B-00C04F79EFBC}") = "ChatNeat.API", "ChatNeat.API\ChatNeat.API.csproj", "{1216C67F-70D8-401E-BCE1-DA1DEB26987C}"
EndProject
Global
	GlobalSection(SolutionConfigurationPlatforms) = preSolution
		Debug|Any CPU = Debug|Any CPU
		Release|Any CPU = Release|Any CPU
	EndGlobalSection
	GlobalSection(ProjectConfigurationPlatforms) = postSolution
		{1216C67F-70D8-401E-BCE1-DA1DEB26987C}.Debug|Any CPU.ActiveCfg = Debug|Any CPU
		{1216C67F-70D8-401E-BCE1-DA1DEB26987C}.Debug|Any CPU.Build.0 = Debug|Any CPU
		{1216C67F-70D8-401E-BCE1-DA1DEB26987C}.Release|Any CPU.ActiveCfg = Release|Any CPU
		{1216C67F-70D8-401E-BCE1-DA1DEB26987C}.Release|Any CPU.Build.0 = Release|Any CPU
	EndGlobalSection
	GlobalSection(SolutionProperties) = preSolution
		HideSolutionNode = FALSE
	EndGlobalSection
	GlobalSection(ExtensibilityGlobals) = postSolution
		SolutionGuid = {33A5806C-7755-4A78-8A83-2DB136833957}
	EndGlobalSection
EndGlobal
